{
  "name": "pinyin_match",
  "lockfileVersion": 2,
  "requires": true,
  "packages": {
    "": {
      "dependencies": {
        "pinyin-match": "^1.2.4"
      }
    },
    "node_modules/pinyin-match": {
      "version": "1.2.4",
      "resolved": "https://r.cnpmjs.org/pinyin-match/-/pinyin-match-1.2.4.tgz",
      "integrity": "sha512-HpUiaSxcG3rrpKAMZXq/rMHbEp7wvfu9B64lHJBy+63xAr/hVdBC8xqkWWPnNyjSb19ihdh8FnXo+9m6jAr9Mg=="
    }
  },
  "dependencies": {
    "pinyin-match": {
      "version": "1.2.4",
      "resolved": "https://r.cnpmjs.org/pinyin-match/-/pinyin-match-1.2.4.tgz",
      "integrity": "sha512-HpUiaSxcG3rrpKAMZXq/rMHbEp7wvfu9B64lHJBy+63xAr/hVdBC8xqkWWPnNyjSb19ihdh8FnXo+9m6jAr9Mg=="
    }
  }
}
